
Microsoft Visual Studio Solution File, Format Version 12.00
# Visual Studio 15
VisualStudioVersion = 15.0.28307.757
MinimumVisualStudioVersion = 10.0.40219.1
Project("{FAE04EC0-301F-11D3-BF4B-00C04F79EFBC}") = "进程窗口位置调整", "进程窗口位置调整\进程窗口位置调整.csproj", "{6C2E2ACE-5F50-4F4D-AEC4-0488C2CA7825}"
EndProject
Global
	GlobalSection(SolutionConfigurationPlatforms) = preSolution
		Debug|Any CPU = Debug|Any CPU
		Release|Any CPU = Release|Any CPU
	EndGlobalSection
	GlobalSection(ProjectConfigurationPlatforms) = postSolution
		{6C2E2ACE-5F50-4F4D-AEC4-0488C2CA7825}.Debug|Any CPU.ActiveCfg = Debug|Any CPU
		{6C2E2ACE-5F50-4F4D-AEC4-0488C2CA7825}.Debug|Any CPU.Build.0 = Debug|Any CPU
		{6C2E2ACE-5F50-4F4D-AEC4-0488C2CA7825}.Release|Any CPU.ActiveCfg = Release|Any CPU
		{6C2E2ACE-5F50-4F4D-AEC4-0488C2CA7825}.Release|Any CPU.Build.0 = Release|Any CPU
	EndGlobalSection
	GlobalSection(SolutionProperties) = preSolution
		HideSolutionNode = FALSE
	EndGlobalSection
	GlobalSection(ExtensibilityGlobals) = postSolution
		SolutionGuid = {EADB4E4E-743B-4A44-986D-1BAC7EF31696}
	EndGlobalSection
EndGlobal
